
Microsoft Visual Studio Solution File, Format Version 12.00
# Visual Studio Version 16
VisualStudioVersion = 16.0.31410.357
MinimumVisualStudioVersion = 10.0.40219.1
Project("{9A19103F-16F7-4668-BE54-9A1E7A4F7556}") = "DutchTreat", "DutchTreat.csproj", "{30FB9EF9-026D-4112-81D5-CBB74EF85FAE}"
EndProject
Global
	GlobalSection(SolutionConfigurationPlatforms) = preSolution
		Debug|Any CPU = Debug|Any CPU
		Release|Any CPU = Release|Any CPU
	EndGlobalSection
	GlobalSection(ProjectConfigurationPlatforms) = postSolution
		{30FB9EF9-026D-4112-81D5-CBB74EF85FAE}.Debug|Any CPU.ActiveCfg = Debug|Any CPU
		{30FB9EF9-026D-4112-81D5-CBB74EF85FAE}.Debug|Any CPU.Build.0 = Debug|Any CPU
		{30FB9EF9-026D-4112-81D5-CBB74EF85FAE}.Release|Any CPU.ActiveCfg = Release|Any CPU
		{30FB9EF9-026D-4112-81D5-CBB74EF85FAE}.Release|Any CPU.Build.0 = Release|Any CPU
	EndGlobalSection
	GlobalSection(SolutionProperties) = preSolution
		HideSolutionNode = FALSE
	EndGlobalSection
	GlobalSection(ExtensibilityGlobals) = postSolution
		SolutionGuid = {EAF1AC87-4469-4A88-80D0-A7665C514A8F}
	EndGlobalSection
EndGlobal
